Microsoft Visual Studio Solution File, Format Version 9.00
# Visual Studio 2005
Project("{8BC9CEB8-8B4A-11D0-8D11-00A0C91BC942}") = "wxsqlite3", "wxsqlite3_vc8_wxsqlite3.vcproj", "{548E0984-E11D-5C51-85F4-F0E8AA23052A}"
EndProject
Project("{8BC9CEB8-8B4A-11D0-8D11-00A0C91BC942}") = "minimal", "wxsqlite3_vc8_minimal.vcproj", "{4CC72E48-54F8-58D2-8CD2-E25B2C3506E0}"
	ProjectSection(ProjectDependencies) = postProject
		{548E0984-E11D-5C51-85F4-F0E8AA23052A} = {548E0984-E11D-5C51-85F4-F0E8AA23052A}
	EndProjectSection
EndProject
Global
	GlobalSection(SolutionConfigurationPlatforms) = preSolution
		Static Release Multilib Static|Win32 = Static Release Multilib Static|Win32
		Static Release Multilib DLL|Win32 = Static Release Multilib DLL|Win32
		Static Release Monolithic Static|Win32 = Static Release Monolithic Static|Win32
		Static Release Monolithic DLL|Win32 = Static Release Monolithic DLL|Win32
		Static Debug Multilib Static|Win32 = Static Debug Multilib Static|Win32
		Static Debug Multilib DLL|Win32 = Static Debug Multilib DLL|Win32
		Static Debug Monolithic Static|Win32 = Static Debug Monolithic Static|Win32
		Static Debug Monolithic DLL|Win32 = Static Debug Monolithic DLL|Win32
		DLL Release Multilib Static|Win32 = DLL Release Multilib Static|Win32
		DLL Release Multilib DLL|Win32 = DLL Release Multilib DLL|Win32
		DLL Release Monolithic Static|Win32 = DLL Release Monolithic Static|Win32
		DLL Release Monolithic DLL|Win32 = DLL Release Monolithic DLL|Win32
		DLL Debug Multilib Static|Win32 = DLL Debug Multilib Static|Win32
		DLL Debug Multilib DLL|Win32 = DLL Debug Multilib DLL|Win32
		DLL Debug Monolithic Static|Win32 = DLL Debug Monolithic Static|Win32
		DLL Debug Monolithic DLL|Win32 = DLL Debug Monolithic DLL|Win32
	EndGlobalSection
	GlobalSection(ProjectConfigurationPlatforms) = postSolution
		{548E0984-E11D-5C51-85F4-F0E8AA23052A}.Static Release Multilib Static|Win32.ActiveCfg = Static Release Multilib Static|Win32
		{548E0984-E11D-5C51-85F4-F0E8AA23052A}.Static Release Multilib Static|Win32.Build.0 = Static Release Multilib Static|Win32
		{548E0984-E11D-5C51-85F4-F0E8AA23052A}.Static Release Multilib DLL|Win32.ActiveCfg = Static Release Multilib DLL|Win32
		{548E0984-E11D-5C51-85F4-F0E8AA23052A}.Static Release Multilib DLL|Win32.Build.0 = Static Release Multilib DLL|Win32
		{548E0984-E11D-5C51-85F4-F0E8AA23052A}.Static Release Monolithic Static|Win32.ActiveCfg = Static Release Monolithic Static|Win32
		{548E0984-E11D-5C51-85F4-F0E8AA23052A}.Static Release Monolithic Static|Win32.Build.0 = Static Release Monolithic Static|Win32
		{548E0984-E11D-5C51-85F4-F0E8AA23052A}.Static Release Monolithic DLL|Win32.ActiveCfg = Static Release Monolithic DLL|Win32
		{548E0984-E11D-5C51-85F4-F0E8AA23052A}.Static Release Monolithic DLL|Win32.Build.0 = Static Release Monolithic DLL|Win32
		{548E0984-E11D-5C51-85F4-F0E8AA23052A}.Static Debug Multilib Static|Win32.ActiveCfg = Static Debug Multilib Static|Win32
		{548E0984-E11D-5C51-85F4-F0E8AA23052A}.Static Debug Multilib Static|Win32.Build.0 = Static Debug Multilib Static|Win32
		{548E0984-E11D-5C51-85F4-F0E8AA23052A}.Static Debug Multilib DLL|Win32.ActiveCfg = Static Debug Multilib DLL|Win32
		{548E0984-E11D-5C51-85F4-F0E8AA23052A}.Static Debug Multilib DLL|Win32.Build.0 = Static Debug Multilib DLL|Win32
		{548E0984-E11D-5C51-85F4-F0E8AA23052A}.Static Debug Monolithic Static|Win32.ActiveCfg = Static Debug Monolithic Static|Win32
		{548E0984-E11D-5C51-85F4-F0E8AA23052A}.Static Debug Monolithic Static|Win32.Build.0 = Static Debug Monolithic Static|Win32
		{548E0984-E11D-5C51-85F4-F0E8AA23052A}.Static Debug Monolithic DLL|Win32.ActiveCfg = Static Debug Monolithic DLL|Win32
		{548E0984-E11D-5C51-85F4-F0E8AA23052A}.Static Debug Monolithic DLL|Win32.Build.0 = Static Debug Monolithic DLL|Win32
		{548E0984-E11D-5C51-85F4-F0E8AA23052A}.DLL Release Multilib Static|Win32.ActiveCfg = DLL Release Multilib Static|Win32
		{548E0984-E11D-5C51-85F4-F0E8AA23052A}.DLL Release Multilib Static|Win32.Build.0 = DLL Release Multilib Static|Win32
		{548E0984-E11D-5C51-85F4-F0E8AA23052A}.DLL Release Multilib DLL|Win32.ActiveCfg = DLL Release Multilib DLL|Win32
		{548E0984-E11D-5C51-85F4-F0E8AA23052A}.DLL Release Multilib DLL|Win32.Build.0 = DLL Release Multilib DLL|Win32
		{548E0984-E11D-5C51-85F4-F0E8AA23052A}.DLL Release Monolithic Static|Win32.ActiveCfg = DLL Release Monolithic Static|Win32
		{548E0984-E11D-5C51-85F4-F0E8AA23052A}.DLL Release Monolithic Static|Win32.Build.0 = DLL Release Monolithic Static|Win32
		{548E0984-E11D-5C51-85F4-F0E8AA23052A}.DLL Release Monolithic DLL|Win32.ActiveCfg = DLL Release Monolithic DLL|Win32
		{548E0984-E11D-5C51-85F4-F0E8AA23052A}.DLL Release Monolithic DLL|Win32.Build.0 = DLL Release Monolithic DLL|Win32
		{548E0984-E11D-5C51-85F4-F0E8AA23052A}.DLL Debug Multilib Static|Win32.ActiveCfg = DLL Debug Multilib Static|Win32
		{548E0984-E11D-5C51-85F4-F0E8AA23052A}.DLL Debug Multilib Static|Win32.Build.0 = DLL Debug Multilib Static|Win32
		{548E0984-E11D-5C51-85F4-F0E8AA23052A}.DLL Debug Multilib DLL|Win32.ActiveCfg = DLL Debug Multilib DLL|Win32
		{548E0984-E11D-5C51-85F4-F0E8AA23052A}.DLL Debug Multilib DLL|Win32.Build.0 = DLL Debug Multilib DLL|Win32
		{548E0984-E11D-5C51-85F4-F0E8AA23052A}.DLL Debug Monolithic Static|Win32.ActiveCfg = DLL Debug Monolithic Static|Win32
		{548E0984-E11D-5C51-85F4-F0E8AA23052A}.DLL Debug Monolithic Static|Win32.Build.0 = DLL Debug Monolithic Static|Win32
		{548E0984-E11D-5C51-85F4-F0E8AA23052A}.DLL Debug Monolithic DLL|Win32.ActiveCfg = DLL Debug Monolithic DLL|Win32
		{548E0984-E11D-5C51-85F4-F0E8AA23052A}.DLL Debug Monolithic DLL|Win32.Build.0 = DLL Debug Monolithic DLL|Win32
		{4CC72E48-54F8-58D2-8CD2-E25B2C3506E0}.Static Release Multilib Static|Win32.ActiveCfg = Static Release Multilib Static|Win32
		{4CC72E48-54F8-58D2-8CD2-E25B2C3506E0}.Static Release Multilib Static|Win32.Build.0 = Static Release Multilib Static|Win32
		{4CC72E48-54F8-58D2-8CD2-E25B2C3506E0}.Static Release Multilib DLL|Win32.ActiveCfg = Static Release Multilib DLL|Win32
		{4CC72E48-54F8-58D2-8CD2-E25B2C3506E0}.Static Release Multilib DLL|Win32.Build.0 = Static Release Multilib DLL|Win32
		{4CC72E48-54F8-58D2-8CD2-E25B2C3506E0}.Static Release Monolithic Static|Win32.ActiveCfg = Static Release Monolithic Static|Win32
		{4CC72E48-54F8-58D2-8CD2-E25B2C3506E0}.Static Release Monolithic Static|Win32.Build.0 = Static Release Monolithic Static|Win32
		{4CC72E48-54F8-58D2-8CD2-E25B2C3506E0}.Static Release Monolithic DLL|Win32.ActiveCfg = Static Release Monolithic DLL|Win32
		{4CC72E48-54F8-58D2-8CD2-E25B2C3506E0}.Static Release Monolithic DLL|Win32.Build.0 = Static Release Monolithic DLL|Win32
		{4CC72E48-54F8-58D2-8CD2-E25B2C3506E0}.Static Debug Multilib Static|Win32.ActiveCfg = Static Debug Multilib Static|Win32
		{4CC72E48-54F8-58D2-8CD2-E25B2C3506E0}.Static Debug Multilib Static|Win32.Build.0 = Static Debug Multilib Static|Win32
		{4CC72E48-54F8-58D2-8CD2-E25B2C3506E0}.Static Debug Multilib DLL|Win32.ActiveCfg = Static Debug Multilib DLL|Win32
		{4CC72E48-54F8-58D2-8CD2-E25B2C3506E0}.Static Debug Multilib DLL|Win32.Build.0 = Static Debug Multilib DLL|Win32
		{4CC72E48-54F8-58D2-8CD2-E25B2C3506E0}.Static Debug Monolithic Static|Win32.ActiveCfg = Static Debug Monolithic Static|Win32
		{4CC72E48-54F8-58D2-8CD2-E25B2C3506E0}.Static Debug Monolithic Static|Win32.Build.0 = Static Debug Monolithic Static|Win32
		{4CC72E48-54F8-58D2-8CD2-E25B2C3506E0}.Static Debug Monolithic DLL|Win32.ActiveCfg = Static Debug Monolithic DLL|Win32
		{4CC72E48-54F8-58D2-8CD2-E25B2C3506E0}.Static Debug Monolithic DLL|Win32.Build.0 = Static Debug Monolithic DLL|Win32
		{4CC72E48-54F8-58D2-8CD2-E25B2C3506E0}.DLL Release Multilib Static|Win32.ActiveCfg = DLL Release Multilib Static|Win32
		{4CC72E48-54F8-58D2-8CD2-E25B2C3506E0}.DLL Release Multilib Static|Win32.Build.0 = DLL Release Multilib Static|Win32
		{4CC72E48-54F8-58D2-8CD2-E25B2C3506E0}.DLL Release Multilib DLL|Win32.ActiveCfg = DLL Release Multilib DLL|Win32
		{4CC72E48-54F8-58D2-8CD2-E25B2C3506E0}.DLL Release Multilib DLL|Win32.Build.0 = DLL Release Multilib DLL|Win32
		{4CC72E48-54F8-58D2-8CD2-E25B2C3506E0}.DLL Release Monolithic Static|Win32.ActiveCfg = DLL Release Monolithic Static|Win32
		{4CC72E48-54F8-58D2-8CD2-E25B2C3506E0}.DLL Release Monolithic Static|Win32.Build.0 = DLL Release Monolithic Static|Win32
		{4CC72E48-54F8-58D2-8CD2-E25B2C3506E0}.DLL Release Monolithic DLL|Win32.ActiveCfg = DLL Release Monolithic DLL|Win32
		{4CC72E48-54F8-58D2-8CD2-E25B2C3506E0}.DLL Release Monolithic DLL|Win32.Build.0 = DLL Release Monolithic DLL|Win32
		{4CC72E48-54F8-58D2-8CD2-E25B2C3506E0}.DLL Debug Multilib Static|Win32.ActiveCfg = DLL Debug Multilib Static|Win32
		{4CC72E48-54F8-58D2-8CD2-E25B2C3506E0}.DLL Debug Multilib Static|Win32.Build.0 = DLL Debug Multilib Static|Win32
		{4CC72E48-54F8-58D2-8CD2-E25B2C3506E0}.DLL Debug Multilib DLL|Win32.ActiveCfg = DLL Debug Multilib DLL|Win32
		{4CC72E48-54F8-58D2-8CD2-E25B2C3506E0}.DLL Debug Multilib DLL|Win32.Build.0 = DLL Debug Multilib DLL|Win32
		{4CC72E48-54F8-58D2-8CD2-E25B2C3506E0}.DLL Debug Monolithic Static|Win32.ActiveCfg = DLL Debug Monolithic Static|Win32
		{4CC72E48-54F8-58D2-8CD2-E25B2C3506E0}.DLL Debug Monolithic Static|Win32.Build.0 = DLL Debug Monolithic Static|Win32
		{4CC72E48-54F8-58D2-8CD2-E25B2C3506E0}.DLL Debug Monolithic DLL|Win32.ActiveCfg = DLL Debug Monolithic DLL|Win32
		{4CC72E48-54F8-58D2-8CD2-E25B2C3506E0}.DLL Debug Monolithic DLL|Win32.Build.0 = DLL Debug Monolithic DLL|Win32
	EndGlobalSection
	GlobalSection(SolutionProperties) = preSolution
		HideSolutionNode = FALSE
	EndGlobalSection
EndGlobal

