Microsoft Visual Studio Solution File, Format Version 8.00
Project("{8BC9CEB8-8B4A-11D0-8D11-00A0C91BC942}") = "wxsqlite3", "wxsqlite3_vc7_wxsqlite3.vcproj", "{232276B1-3649-593E-9A7B-DF15A0A29B95}"
EndProject
Project("{8BC9CEB8-8B4A-11D0-8D11-00A0C91BC942}") = "minimal", "wxsqlite3_vc7_minimal.vcproj", "{79269A40-0DA8-5CB1-99AB-728543A71F3B}"
	ProjectSection(ProjectDependencies) = postProject
		{232276B1-3649-593E-9A7B-DF15A0A29B95} = {232276B1-3649-593E-9A7B-DF15A0A29B95}
	EndProjectSection
EndProject
Global
	GlobalSection(SolutionConfigurationPlatforms) = preSolution
		Static Release Static|Win32 = Static Release Static|Win32
		Static Release DLL|Win32 = Static Release DLL|Win32
		Static Debug Static|Win32 = Static Debug Static|Win32
		Static Debug DLL|Win32 = Static Debug DLL|Win32
		DLL Release Static|Win32 = DLL Release Static|Win32
		DLL Release DLL|Win32 = DLL Release DLL|Win32
		DLL Debug Static|Win32 = DLL Debug Static|Win32
		DLL Debug DLL|Win32 = DLL Debug DLL|Win32
	EndGlobalSection
	GlobalSection(ProjectConfigurationPlatforms) = postSolution
		{232276B1-3649-593E-9A7B-DF15A0A29B95}.Static Release Static|Win32.ActiveCfg = Static Release Static|Win32
		{232276B1-3649-593E-9A7B-DF15A0A29B95}.Static Release Static|Win32.Build.0 = Static Release Static|Win32
		{232276B1-3649-593E-9A7B-DF15A0A29B95}.Static Release DLL|Win32.ActiveCfg = Static Release DLL|Win32
		{232276B1-3649-593E-9A7B-DF15A0A29B95}.Static Release DLL|Win32.Build.0 = Static Release DLL|Win32
		{232276B1-3649-593E-9A7B-DF15A0A29B95}.Static Debug Static|Win32.ActiveCfg = Static Debug Static|Win32
		{232276B1-3649-593E-9A7B-DF15A0A29B95}.Static Debug Static|Win32.Build.0 = Static Debug Static|Win32
		{232276B1-3649-593E-9A7B-DF15A0A29B95}.Static Debug DLL|Win32.ActiveCfg = Static Debug DLL|Win32
		{232276B1-3649-593E-9A7B-DF15A0A29B95}.Static Debug DLL|Win32.Build.0 = Static Debug DLL|Win32
		{232276B1-3649-593E-9A7B-DF15A0A29B95}.DLL Release Static|Win32.ActiveCfg = DLL Release Static|Win32
		{232276B1-3649-593E-9A7B-DF15A0A29B95}.DLL Release Static|Win32.Build.0 = DLL Release Static|Win32
		{232276B1-3649-593E-9A7B-DF15A0A29B95}.DLL Release DLL|Win32.ActiveCfg = DLL Release DLL|Win32
		{232276B1-3649-593E-9A7B-DF15A0A29B95}.DLL Release DLL|Win32.Build.0 = DLL Release DLL|Win32
		{232276B1-3649-593E-9A7B-DF15A0A29B95}.DLL Debug Static|Win32.ActiveCfg = DLL Debug Static|Win32
		{232276B1-3649-593E-9A7B-DF15A0A29B95}.DLL Debug Static|Win32.Build.0 = DLL Debug Static|Win32
		{232276B1-3649-593E-9A7B-DF15A0A29B95}.DLL Debug DLL|Win32.ActiveCfg = DLL Debug DLL|Win32
		{232276B1-3649-593E-9A7B-DF15A0A29B95}.DLL Debug DLL|Win32.Build.0 = DLL Debug DLL|Win32
		{79269A40-0DA8-5CB1-99AB-728543A71F3B}.Static Release Static|Win32.ActiveCfg = Static Release Static|Win32
		{79269A40-0DA8-5CB1-99AB-728543A71F3B}.Static Release Static|Win32.Build.0 = Static Release Static|Win32
		{79269A40-0DA8-5CB1-99AB-728543A71F3B}.Static Release DLL|Win32.ActiveCfg = Static Release DLL|Win32
		{79269A40-0DA8-5CB1-99AB-728543A71F3B}.Static Release DLL|Win32.Build.0 = Static Release DLL|Win32
		{79269A40-0DA8-5CB1-99AB-728543A71F3B}.Static Debug Static|Win32.ActiveCfg = Static Debug Static|Win32
		{79269A40-0DA8-5CB1-99AB-728543A71F3B}.Static Debug Static|Win32.Build.0 = Static Debug Static|Win32
		{79269A40-0DA8-5CB1-99AB-728543A71F3B}.Static Debug DLL|Win32.ActiveCfg = Static Debug DLL|Win32
		{79269A40-0DA8-5CB1-99AB-728543A71F3B}.Static Debug DLL|Win32.Build.0 = Static Debug DLL|Win32
		{79269A40-0DA8-5CB1-99AB-728543A71F3B}.DLL Release Static|Win32.ActiveCfg = DLL Release Static|Win32
		{79269A40-0DA8-5CB1-99AB-728543A71F3B}.DLL Release Static|Win32.Build.0 = DLL Release Static|Win32
		{79269A40-0DA8-5CB1-99AB-728543A71F3B}.DLL Release DLL|Win32.ActiveCfg = DLL Release DLL|Win32
		{79269A40-0DA8-5CB1-99AB-728543A71F3B}.DLL Release DLL|Win32.Build.0 = DLL Release DLL|Win32
		{79269A40-0DA8-5CB1-99AB-728543A71F3B}.DLL Debug Static|Win32.ActiveCfg = DLL Debug Static|Win32
		{79269A40-0DA8-5CB1-99AB-728543A71F3B}.DLL Debug Static|Win32.Build.0 = DLL Debug Static|Win32
		{79269A40-0DA8-5CB1-99AB-728543A71F3B}.DLL Debug DLL|Win32.ActiveCfg = DLL Debug DLL|Win32
		{79269A40-0DA8-5CB1-99AB-728543A71F3B}.DLL Debug DLL|Win32.Build.0 = DLL Debug DLL|Win32
	EndGlobalSection
	GlobalSection(SolutionProperties) = preSolution
		HideSolutionNode = FALSE
	EndGlobalSection
EndGlobal

