Microsoft Visual Studio Solution File, Format Version 10.00
# Visual Studio 2008
Project("{8BC9CEB8-8B4A-11D0-8D11-00A0C91BC942}") = "wxsqlite3", "wxsqlite3_vc9_wxsqlite3.vcproj", "{CBEF6259-D60B-5572-AE8F-6F052918210E}"
EndProject
Project("{8BC9CEB8-8B4A-11D0-8D11-00A0C91BC942}") = "minimal", "wxsqlite3_vc9_minimal.vcproj", "{1E42D6E2-2400-5336-B0A5-CC898EFC9785}"
	ProjectSection(ProjectDependencies) = postProject
		{CBEF6259-D60B-5572-AE8F-6F052918210E} = {CBEF6259-D60B-5572-AE8F-6F052918210E}
	EndProjectSection
EndProject
Global
	GlobalSection(SolutionConfigurationPlatforms) = preSolution
		Static Release Static|Win32 = Static Release Static|Win32
		Static Release DLL|Win32 = Static Release DLL|Win32
		Static Debug Static|Win32 = Static Debug Static|Win32
		Static Debug DLL|Win32 = Static Debug DLL|Win32
		DLL Release Static|Win32 = DLL Release Static|Win32
		DLL Release DLL|Win32 = DLL Release DLL|Win32
		DLL Debug Static|Win32 = DLL Debug Static|Win32
		DLL Debug DLL|Win32 = DLL Debug DLL|Win32
	EndGlobalSection
	GlobalSection(ProjectConfigurationPlatforms) = postSolution
		{CBEF6259-D60B-5572-AE8F-6F052918210E}.Static Release Static|Win32.ActiveCfg = Static Release Static|Win32
		{CBEF6259-D60B-5572-AE8F-6F052918210E}.Static Release Static|Win32.Build.0 = Static Release Static|Win32
		{CBEF6259-D60B-5572-AE8F-6F052918210E}.Static Release DLL|Win32.ActiveCfg = Static Release DLL|Win32
		{CBEF6259-D60B-5572-AE8F-6F052918210E}.Static Release DLL|Win32.Build.0 = Static Release DLL|Win32
		{CBEF6259-D60B-5572-AE8F-6F052918210E}.Static Debug Static|Win32.ActiveCfg = Static Debug Static|Win32
		{CBEF6259-D60B-5572-AE8F-6F052918210E}.Static Debug Static|Win32.Build.0 = Static Debug Static|Win32
		{CBEF6259-D60B-5572-AE8F-6F052918210E}.Static Debug DLL|Win32.ActiveCfg = Static Debug DLL|Win32
		{CBEF6259-D60B-5572-AE8F-6F052918210E}.Static Debug DLL|Win32.Build.0 = Static Debug DLL|Win32
		{CBEF6259-D60B-5572-AE8F-6F052918210E}.DLL Release Static|Win32.ActiveCfg = DLL Release Static|Win32
		{CBEF6259-D60B-5572-AE8F-6F052918210E}.DLL Release Static|Win32.Build.0 = DLL Release Static|Win32
		{CBEF6259-D60B-5572-AE8F-6F052918210E}.DLL Release DLL|Win32.ActiveCfg = DLL Release DLL|Win32
		{CBEF6259-D60B-5572-AE8F-6F052918210E}.DLL Release DLL|Win32.Build.0 = DLL Release DLL|Win32
		{CBEF6259-D60B-5572-AE8F-6F052918210E}.DLL Debug Static|Win32.ActiveCfg = DLL Debug Static|Win32
		{CBEF6259-D60B-5572-AE8F-6F052918210E}.DLL Debug Static|Win32.Build.0 = DLL Debug Static|Win32
		{CBEF6259-D60B-5572-AE8F-6F052918210E}.DLL Debug DLL|Win32.ActiveCfg = DLL Debug DLL|Win32
		{CBEF6259-D60B-5572-AE8F-6F052918210E}.DLL Debug DLL|Win32.Build.0 = DLL Debug DLL|Win32
		{1E42D6E2-2400-5336-B0A5-CC898EFC9785}.Static Release Static|Win32.ActiveCfg = Static Release Static|Win32
		{1E42D6E2-2400-5336-B0A5-CC898EFC9785}.Static Release Static|Win32.Build.0 = Static Release Static|Win32
		{1E42D6E2-2400-5336-B0A5-CC898EFC9785}.Static Release DLL|Win32.ActiveCfg = Static Release DLL|Win32
		{1E42D6E2-2400-5336-B0A5-CC898EFC9785}.Static Release DLL|Win32.Build.0 = Static Release DLL|Win32
		{1E42D6E2-2400-5336-B0A5-CC898EFC9785}.Static Debug Static|Win32.ActiveCfg = Static Debug Static|Win32
		{1E42D6E2-2400-5336-B0A5-CC898EFC9785}.Static Debug Static|Win32.Build.0 = Static Debug Static|Win32
		{1E42D6E2-2400-5336-B0A5-CC898EFC9785}.Static Debug DLL|Win32.ActiveCfg = Static Debug DLL|Win32
		{1E42D6E2-2400-5336-B0A5-CC898EFC9785}.Static Debug DLL|Win32.Build.0 = Static Debug DLL|Win32
		{1E42D6E2-2400-5336-B0A5-CC898EFC9785}.DLL Release Static|Win32.ActiveCfg = DLL Release Static|Win32
		{1E42D6E2-2400-5336-B0A5-CC898EFC9785}.DLL Release Static|Win32.Build.0 = DLL Release Static|Win32
		{1E42D6E2-2400-5336-B0A5-CC898EFC9785}.DLL Release DLL|Win32.ActiveCfg = DLL Release DLL|Win32
		{1E42D6E2-2400-5336-B0A5-CC898EFC9785}.DLL Release DLL|Win32.Build.0 = DLL Release DLL|Win32
		{1E42D6E2-2400-5336-B0A5-CC898EFC9785}.DLL Debug Static|Win32.ActiveCfg = DLL Debug Static|Win32
		{1E42D6E2-2400-5336-B0A5-CC898EFC9785}.DLL Debug Static|Win32.Build.0 = DLL Debug Static|Win32
		{1E42D6E2-2400-5336-B0A5-CC898EFC9785}.DLL Debug DLL|Win32.ActiveCfg = DLL Debug DLL|Win32
		{1E42D6E2-2400-5336-B0A5-CC898EFC9785}.DLL Debug DLL|Win32.Build.0 = DLL Debug DLL|Win32
	EndGlobalSection
	GlobalSection(SolutionProperties) = preSolution
		HideSolutionNode = FALSE
	EndGlobalSection
EndGlobal

